{
  "nodes": {
    "extensions": {
      "locked": {
        "lastModified": 1746518791,
        "narHash": "sha256-MiJ11L7w18S2G5ftcoYtcrrS0JFqBaj9d5rwJFpC5Wk=",
        "owner": "nixos",
        "repo": "nixpkgs",
        "rev": "1cb1c02a6b1b7cf67e3d7731cbbf327a53da9679",
        "type": "github"
      },
      "original": {
        "owner": "nixos",
        "repo": "nixpkgs",
        "rev": "1cb1c02a6b1b7cf67e3d7731cbbf327a53da9679",
        "type": "github"
      }
    },
    "flake-utils": {
      "inputs": {
        "systems": "systems"
      },
      "locked": {
        "lastModified": 1731533236,
        "narHash": "sha256-l0KFg5HjrsfsO/JpG+r7fRrqm12kzFHyUHqHCVpMMbI=",
        "owner": "numtide",
        "repo": "flake-utils",
        "rev": "11707dc2f618dd54ca8739b309ec4fc024de578b",
        "type": "github"
      },
      "original": {
        "owner": "numtide",
        "repo": "flake-utils",
        "type": "github"
      }
    },
    "flake-utils_2": {
      "inputs": {
        "systems": "systems_2"
      },
      "locked": {
        "lastModified": 1731533236,
        "narHash": "sha256-l0KFg5HjrsfsO/JpG+r7fRrqm12kzFHyUHqHCVpMMbI=",
        "owner": "numtide",
        "repo": "flake-utils",
        "rev": "11707dc2f618dd54ca8739b309ec4fc024de578b",
        "type": "github"
      },
      "original": {
        "owner": "numtide",
        "repo": "flake-utils",
        "type": "github"
      }
    },
    "flameshot-pin": {
      "locked": {
        "lastModified": 1720338227,
        "narHash": "sha256-PlL/yXNX/C87S2N8lF/HfOJhHForf/l7E6lVWZ4jMrw=",
        "owner": "NixOS",
        "repo": "nixpkgs",
        "rev": "b60793b86201040d9dee019a05089a9150d08b5b",
        "type": "github"
      },
      "original": {
        "id": "nixpkgs",
        "rev": "b60793b86201040d9dee019a05089a9150d08b5b",
        "type": "indirect"
      }
    },
    "home-manager": {
      "inputs": {
        "nixpkgs": [
          "nixpkgs"
        ]
      },
      "locked": {
        "lastModified": 1763992789,
        "narHash": "sha256-WHkdBlw6oyxXIra/vQPYLtqY+3G8dUVZM8bEXk0t8x4=",
        "owner": "nix-community",
        "repo": "home-manager",
        "rev": "44831a7eaba4360fb81f2acc5ea6de5fde90aaa3",
        "type": "github"
      },
      "original": {
        "owner": "nix-community",
        "ref": "release-25.05",
        "repo": "home-manager",
        "type": "github"
      }
    },
    "home-manager_2": {
      "inputs": {
        "nixpkgs": [
          "zen-browser",
          "nixpkgs"
        ]
      },
      "locked": {
        "lastModified": 1762964643,
        "narHash": "sha256-RYHN8O/Aja59XDji6WSJZPkJpYVUfpSkyH+PEupBJqM=",
        "owner": "nix-community",
        "repo": "home-manager",
        "rev": "827f2a23373a774a8805f84ca5344654c31f354b",
        "type": "github"
      },
      "original": {
        "owner": "nix-community",
        "repo": "home-manager",
        "type": "github"
      }
    },
    "jujutsu": {
      "inputs": {
        "flake-utils": "flake-utils_2",
        "nixpkgs": "nixpkgs",
        "rust-overlay": "rust-overlay"
      },
      "locked": {
        "lastModified": 1764093543,
        "narHash": "sha256-zADaaeYPdwjt0vytPtUJMNI4pw5KkkvmjdZvgeZXx2c=",
        "owner": "jj-vcs",
        "repo": "jj",
        "rev": "2c92b8730397235203e2ba9a3ec54488cff0e38a",
        "type": "github"
      },
      "original": {
        "owner": "jj-vcs",
        "repo": "jj",
        "type": "github"
      }
    },
    "neovim-config": {
      "inputs": {
        "nixCats": "nixCats",
        "nixpkgs": "nixpkgs_2"
      },
      "locked": {
        "lastModified": 1762820737,
        "narHash": "sha256-ApRzvdGGaO2bxaglKvcr7KNZ4W9Uh6CRwNWFqnSfSqQ=",
        "owner": "kabessao",
        "repo": "kickstart.nvim",
        "rev": "fd04526edf979ddfb5874234d4a7fdb3a8c64d95",
        "type": "github"
      },
      "original": {
        "owner": "kabessao",
        "repo": "kickstart.nvim",
        "type": "github"
      }
    },
    "nixCats": {
      "locked": {
        "lastModified": 1748760778,
        "narHash": "sha256-i0xBOGCDtrJ29sIelwbSATUJK4AP6McPMxBA0dthK0o=",
        "owner": "BirdeeHub",
        "repo": "nixCats-nvim",
        "rev": "88cde33af841e2aa1ea0c83c4d9dcfefdde54fb3",
        "type": "github"
      },
      "original": {
        "owner": "BirdeeHub",
        "repo": "nixCats-nvim",
        "type": "github"
      }
    },
    "nixpkgs": {
      "locked": {
        "lastModified": 1762604901,
        "narHash": "sha256-Pr2jpryIaQr9Yx8p6QssS03wqB6UifnnLr3HJw9veDw=",
        "owner": "NixOS",
        "repo": "nixpkgs",
        "rev": "f6b44b2401525650256b977063dbcf830f762369",
        "type": "github"
      },
      "original": {
        "owner": "NixOS",
        "ref": "nixpkgs-unstable",
        "repo": "nixpkgs",
        "type": "github"
      }
    },
    "nixpkgs_2": {
      "locked": {
        "lastModified": 1749213349,
        "narHash": "sha256-UAaWOyQhdp7nXzsbmLVC67fo+QetzoTm9hsPf9X3yr4=",
        "owner": "nixos",
        "repo": "nixpkgs",
        "rev": "a4ff0e3c64846abea89662bfbacf037ef4b34207",
        "type": "github"
      },
      "original": {
        "owner": "nixos",
        "ref": "nixpkgs-unstable",
        "repo": "nixpkgs",
        "type": "github"
      }
    },
    "nixpkgs_3": {
      "locked": {
        "lastModified": 1763948260,
        "narHash": "sha256-dY9qLD0H0zOUgU3vWacPY6Qc421BeQAfm8kBuBtPVE0=",
        "owner": "nixos",
        "repo": "nixpkgs",
        "rev": "1c8ba8d3f7634acac4a2094eef7c32ad9106532c",
        "type": "github"
      },
      "original": {
        "owner": "nixos",
        "ref": "nixos-25.05",
        "repo": "nixpkgs",
        "type": "github"
      }
    },
    "nixpkgs_4": {
      "locked": {
        "lastModified": 1762977756,
        "narHash": "sha256-4PqRErxfe+2toFJFgcRKZ0UI9NSIOJa+7RXVtBhy4KE=",
        "owner": "nixos",
        "repo": "nixpkgs",
        "rev": "c5ae371f1a6a7fd27823bc500d9390b38c05fa55",
        "type": "github"
      },
      "original": {
        "owner": "nixos",
        "ref": "nixos-unstable",
        "repo": "nixpkgs",
        "type": "github"
      }
    },
    "root": {
      "inputs": {
        "extensions": "extensions",
        "flake-utils": "flake-utils",
        "flameshot-pin": "flameshot-pin",
        "home-manager": "home-manager",
        "jujutsu": "jujutsu",
        "neovim-config": "neovim-config",
        "nixpkgs": "nixpkgs_3",
        "unstable": "unstable",
        "zen-browser": "zen-browser"
      }
    },
    "rust-overlay": {
      "inputs": {
        "nixpkgs": [
          "jujutsu",
          "nixpkgs"
        ]
      },
      "locked": {
        "lastModified": 1762915112,
        "narHash": "sha256-d9j1g8nKmYDHy+/bIOPQTh9IwjRliqaTM0QLHMV92Ic=",
        "owner": "oxalica",
        "repo": "rust-overlay",
        "rev": "aa1e85921cfa04de7b6914982a94621fbec5cc02",
        "type": "github"
      },
      "original": {
        "owner": "oxalica",
        "repo": "rust-overlay",
        "type": "github"
      }
    },
    "systems": {
      "locked": {
        "lastModified": 1681028828,
        "narHash": "sha256-Vy1rq5AaRuLzOxct8nz4T6wlgyUR7zLU309k9mBC768=",
        "owner": "nix-systems",
        "repo": "default",
        "rev": "da67096a3b9bf56a91d16901293e51ba5b49a27e",
        "type": "github"
      },
      "original": {
        "owner": "nix-systems",
        "repo": "default",
        "type": "github"
      }
    },
    "systems_2": {
      "locked": {
        "lastModified": 1681028828,
        "narHash": "sha256-Vy1rq5AaRuLzOxct8nz4T6wlgyUR7zLU309k9mBC768=",
        "owner": "nix-systems",
        "repo": "default",
        "rev": "da67096a3b9bf56a91d16901293e51ba5b49a27e",
        "type": "github"
      },
      "original": {
        "owner": "nix-systems",
        "repo": "default",
        "type": "github"
      }
    },
    "unstable": {
      "locked": {
        "lastModified": 1763966396,
        "narHash": "sha256-6eeL1YPcY1MV3DDStIDIdy/zZCDKgHdkCmsrLJFiZf0=",
        "owner": "nixos",
        "repo": "nixpkgs",
        "rev": "5ae3b07d8d6527c42f17c876e404993199144b6a",
        "type": "github"
      },
      "original": {
        "owner": "nixos",
        "ref": "nixos-unstable",
        "repo": "nixpkgs",
        "type": "github"
      }
    },
    "zen-browser": {
      "inputs": {
        "home-manager": "home-manager_2",
        "nixpkgs": "nixpkgs_4"
      },
      "locked": {
        "lastModified": 1764015829,
        "narHash": "sha256-Oi3D37fFYvYRC4cA2voW8kICzmtUCYMoGSuyYuazDZ8=",
        "owner": "0xc000022070",
        "repo": "zen-browser-flake",
        "rev": "011760d40ec6ac8af6b078d58def3c7d2d994a53",
        "type": "github"
      },
      "original": {
        "owner": "0xc000022070",
        "repo": "zen-browser-flake",
        "type": "github"
      }
    }
  },
  "root": "root",
  "version": 7
}
